github.com/ProtonMail/gopenpgp/v3 v3.4.0 h1:WW0VK+mZjbu5SqhWNm58TYKFxyvduiUHTfyIKs60dgY=
github.com/ProtonMail/gopenpgp/v3 v3.4.0/go.mod h1:bGdV9f6edhmd581wzXsQCTKdH8bXBbyhkgDKPjwPc6U=
github.com/google/uuid v1.6.0 h1:NIvaJDMOsjHA8n1jAhLSgzrAzy1Hgr+hNrb57e+94F0=
github.com/google/uuid v1.6.0/go.mod h1:TIyPZe4MgqvfeYDBFedMoGGpEw/LqOeaOT+nhxU+yHo=
github.com/joho/godotenv v1.5.1 h1:7eLL/+HRGLY0ldzfGMeQkb7vMd0as4CfYvUVzLqw0N0=
github.com/joho/godotenv v1.5.1/go.mod h1:f4LDr5Voq0i2e/R5DDNOoa2zzDfwtkZa6DnEwAbqwq4=
